// !$*UTF8*$!
{
	archiveVersion = 1;
	classes = {
	};
	objectVersion = 55;
	objects = {

/* Begin PBXBuildFile section */
		4204893A2891966100F33DE4 /* XKCD_AppApp.swift in Sources */ = {isa = PBXBuildFile; fileRef = 420489392891966100F33DE4 /* XKCD_AppApp.swift */; };
		4204893C2891966100F33DE4 /* ContentView.swift in Sources */ = {isa = PBXBuildFile; fileRef = 4204893B2891966100F33DE4 /* ContentView.swift */; };
		4204893E2891966500F33DE4 /* Assets.xcassets in Resources */ = {isa = PBXBuildFile; fileRef = 4204893D2891966500F33DE4 /* Assets.xcassets */; };
		420489412891966500F33DE4 /* Preview Assets.xcassets in Resources */ = {isa = PBXBuildFile; fileRef = 420489402891966500F33DE4 /* Preview Assets.xcassets */; };
		4204894828919EAB00F33DE4 /* ComicModel.swift in Sources */ = {isa = PBXBuildFile; fileRef = 4204894728919EAB00F33DE4 /* ComicModel.swift */; };
		4204894C28919FC700F33DE4 /* ComicsViewModel.swift in Sources */ = {isa = PBXBuildFile; fileRef = 4204894B28919FC600F33DE4 /* ComicsViewModel.swift */; };
		4204894F2891A29A00F33DE4 /* HomeView.swift in Sources */ = {isa = PBXBuildFile; fileRef = 4204894E2891A29A00F33DE4 /* HomeView.swift */; };
		420489512891A2B500F33DE4 /* ComicDetailsView.swift in Sources */ = {isa = PBXBuildFile; fileRef = 420489502891A2B500F33DE4 /* ComicDetailsView.swift */; };
		420489532891A2D500F33DE4 /* FavoritesView.swift in Sources */ = {isa = PBXBuildFile; fileRef = 420489522891A2D400F33DE4 /* FavoritesView.swift */; };
		420489562891A78B00F33DE4 /* GridView.swift in Sources */ = {isa = PBXBuildFile; fileRef = 420489552891A78B00F33DE4 /* GridView.swift */; };
/* End PBXBuildFile section */

/* Begin PBXFileReference section */
		420489362891966100F33DE4 /* XKCD App.app */ = {isa = PBXFileReference; explicitFileType = wrapper.application; includeInIndex = 0; path = "XKCD App.app"; sourceTree = BUILT_PRODUCTS_DIR; };
		420489392891966100F33DE4 /* XKCD_AppApp.swift */ = {isa = PBXFileReference; lastKnownFileType = sourcecode.swift; path = XKCD_AppApp.swift; sourceTree = "<group>"; };
		4204893B2891966100F33DE4 /* ContentView.swift */ = {isa = PBXFileReference; lastKnownFileType = sourcecode.swift; path = ContentView.swift; sourceTree = "<group>"; };
		4204893D2891966500F33DE4 /* Assets.xcassets */ = {isa = PBXFileReference; lastKnownFileType = folder.assetcatalog; path = Assets.xcassets; sourceTree = "<group>"; };
		420489402891966500F33DE4 /* Preview Assets.xcassets */ = {isa = PBXFileReference; lastKnownFileType = folder.assetcatalog; path = "Preview Assets.xcassets"; sourceTree = "<group>"; };
		4204894728919EAB00F33DE4 /* ComicModel.swift */ = {isa = PBXFileReference; lastKnownFileType = sourcecode.swift; path = ComicModel.swift; sourceTree = "<group>"; };
		4204894B28919FC600F33DE4 /* ComicsViewModel.swift */ = {isa = PBXFileReference; lastKnownFileType = sourcecode.swift; path = ComicsViewModel.swift; sourceTree = "<group>"; };
		4204894E2891A29A00F33DE4 /* HomeView.swift */ = {isa = PBXFileReference; lastKnownFileType = sourcecode.swift; path = HomeView.swift; sourceTree = "<group>"; };
		420489502891A2B500F33DE4 /* ComicDetailsView.swift */ = {isa = PBXFileReference; lastKnownFileType = sourcecode.swift; path = ComicDetailsView.swift; sourceTree = "<group>"; };
		420489522891A2D400F33DE4 /* FavoritesView.swift */ = {isa = PBXFileReference; lastKnownFileType = sourcecode.swift; path = FavoritesView.swift; sourceTree = "<group>"; };
		420489552891A78B00F33DE4 /* GridView.swift */ = {isa = PBXFileReference; lastKnownFileType = sourcecode.swift; path = GridView.swift; sourceTree = "<group>"; };
/* End PBXFileReference section */

/* Begin PBXFrameworksBuildPhase section */
		420489332891966100F33DE4 /* Frameworks */ = {
			isa = PBXFrameworksBuildPhase;
			buildActionMask = 2147483647;
			files = (
			);
			runOnlyForDeploymentPostprocessing = 0;
		};
/* End PBXFrameworksBuildPhase section */

/* Begin PBXGroup section */
		4204892D2891966100F33DE4 = {
			isa = PBXGroup;
			children = (
				420489382891966100F33DE4 /* XKCD App */,
				420489372891966100F33DE4 /* Products */,
			);
			sourceTree = "<group>";
		};
		420489372891966100F33DE4 /* Products */ = {
			isa = PBXGroup;
			children = (
				420489362891966100F33DE4 /* XKCD App.app */,
			);
			name = Products;
			sourceTree = "<group>";
		};
		420489382891966100F33DE4 /* XKCD App */ = {
			isa = PBXGroup;
			children = (
				420489392891966100F33DE4 /* XKCD_AppApp.swift */,
				4204893B2891966100F33DE4 /* ContentView.swift */,
				4204894928919EB600F33DE4 /* Models */,
				4204894A28919F8700F33DE4 /* ViewModels */,
				4204894D2891A27200F33DE4 /* Views */,
				4204893D2891966500F33DE4 /* Assets.xcassets */,
				4204893F2891966500F33DE4 /* Preview Content */,
			);
			path = "XKCD App";
			sourceTree = "<group>";
		};
		4204893F2891966500F33DE4 /* Preview Content */ = {
			isa = PBXGroup;
			children = (
				420489402891966500F33DE4 /* Preview Assets.xcassets */,
			);
			path = "Preview Content";
			sourceTree = "<group>";
		};
		4204894928919EB600F33DE4 /* Models */ = {
			isa = PBXGroup;
			children = (
				4204894728919EAB00F33DE4 /* ComicModel.swift */,
			);
			path = Models;
			sourceTree = "<group>";
		};
		4204894A28919F8700F33DE4 /* ViewModels */ = {
			isa = PBXGroup;
			children = (
				4204894B28919FC600F33DE4 /* ComicsViewModel.swift */,
			);
			path = ViewModels;
			sourceTree = "<group>";
		};
		4204894D2891A27200F33DE4 /* Views */ = {
			isa = PBXGroup;
			children = (
				420489542891A76200F33DE4 /* Components */,
				4204894E2891A29A00F33DE4 /* HomeView.swift */,
				420489502891A2B500F33DE4 /* ComicDetailsView.swift */,
				420489522891A2D400F33DE4 /* FavoritesView.swift */,
			);
			path = Views;
			sourceTree = "<group>";
		};
		420489542891A76200F33DE4 /* Components */ = {
			isa = PBXGroup;
			children = (
				420489552891A78B00F33DE4 /* GridView.swift */,
			);
			path = Components;
			sourceTree = "<group>";
		};
/* End PBXGroup section */

/* Begin PBXNativeTarget section */
		420489352891966100F33DE4 /* XKCD App */ = {
			isa = PBXNativeTarget;
			buildConfigurationList = 420489442891966500F33DE4 /* Build configuration list for PBXNativeTarget "XKCD App" */;
			buildPhases = (
				420489322891966100F33DE4 /* Sources */,
				420489332891966100F33DE4 /* Frameworks */,
				420489342891966100F33DE4 /* Resources */,
			);
			buildRules = (
			);
			dependencies = (
			);
			name = "XKCD App";
			productName = "XKCD App";
			productReference = 420489362891966100F33DE4 /* XKCD App.app */;
			productType = "com.apple.product-type.application";
		};
/* End PBXNativeTarget section */

/* Begin PBXProject section */
		4204892E2891966100F33DE4 /* Project object */ = {
			isa = PBXProject;
			attributes = {
				BuildIndependentTargetsInParallel = 1;
				LastSwiftUpdateCheck = 1340;
				LastUpgradeCheck = 1340;
				TargetAttributes = {
					420489352891966100F33DE4 = {
						CreatedOnToolsVersion = 13.4.1;
					};
				};
			};
			buildConfigurationList = 420489312891966100F33DE4 /* Build configuration list for PBXProject "XKCD App" */;
			compatibilityVersion = "Xcode 13.0";
			developmentRegion = en;
			hasScannedForEncodings = 0;
			knownRegions = (
				en,
				Base,
			);
			mainGroup = 4204892D2891966100F33DE4;
			productRefGroup = 420489372891966100F33DE4 /* Products */;
			projectDirPath = "";
			projectRoot = "";
			targets = (
				420489352891966100F33DE4 /* XKCD App */,
			);
		};
/* End PBXProject section */

/* Begin PBXResourcesBuildPhase section */
		420489342891966100F33DE4 /* Resources */ = {
			isa = PBXResourcesBuildPhase;
			buildActionMask = 2147483647;
			files = (
				420489412891966500F33DE4 /* Preview Assets.xcassets in Resources */,
				4204893E2891966500F33DE4 /* Assets.xcassets in Resources */,
			);
			runOnlyForDeploymentPostprocessing = 0;
		};
/* End PBXResourcesBuildPhase section */

/* Begin PBXSourcesBuildPhase section */
		420489322891966100F33DE4 /* Sources */ = {
			isa = PBXSourcesBuildPhase;
			buildActionMask = 2147483647;
			files = (
				4204893C2891966100F33DE4 /* ContentView.swift in Sources */,
				4204893A2891966100F33DE4 /* XKCD_AppApp.swift in Sources */,
				420489562891A78B00F33DE4 /* GridView.swift in Sources */,
				4204894C28919FC700F33DE4 /* ComicsViewModel.swift in Sources */,
				420489512891A2B500F33DE4 /* ComicDetailsView.swift in Sources */,
				420489532891A2D500F33DE4 /* FavoritesView.swift in Sources */,
				4204894F2891A29A00F33DE4 /* HomeView.swift in Sources */,
				4204894828919EAB00F33DE4 /* ComicModel.swift in Sources */,
			);
			runOnlyForDeploymentPostprocessing = 0;
		};
/* End PBXSourcesBuildPhase section */

/* Begin XCBuildConfiguration section */
		420489422891966500F33DE4 /* Debug */ = {
			isa = XCBuildConfiguration;
			buildSettings = {
				ALWAYS_SEARCH_USER_PATHS = NO;
				CLANG_ANALYZER_NONNULL = YES;
				CLANG_ANALYZER_NUMBER_OBJECT_CONVERSION = YES_AGGRESSIVE;
				CLANG_CXX_LANGUAGE_STANDARD = "gnu++17";
				CLANG_ENABLE_MODULES = YES;
				CLANG_ENABLE_OBJC_ARC = YES;
				CLANG_ENABLE_OBJC_WEAK = YES;
				CLANG_WARN_BLOCK_CAPTURE_AUTORELEASING = YES;
				CLANG_WARN_BOOL_CONVERSION = YES;
				CLANG_WARN_COMMA = YES;
				CLANG_WARN_CONSTANT_CONVERSION = YES;
				CLANG_WARN_DEPRECATED_OBJC_IMPLEMENTATIONS = YES;
				CLANG_WARN_DIRECT_OBJC_ISA_USAGE = YES_ERROR;
				CLANG_WARN_DOCUMENTATION_COMMENTS = YES;
				CLANG_WARN_EMPTY_BODY = YES;
				CLANG_WARN_ENUM_CONVERSION = YES;
				CLANG_WARN_INFINITE_RECURSION = YES;
				CLANG_WARN_INT_CONVERSION = YES;
				CLANG_WARN_NON_LITERAL_NULL_CONVERSION = YES;
				CLANG_WARN_OBJC_IMPLICIT_RETAIN_SELF = YES;
				CLANG_WARN_OBJC_LITERAL_CONVERSION = YES;
				CLANG_WARN_OBJC_ROOT_CLASS = YES_ERROR;
				CLANG_WARN_QUOTED_INCLUDE_IN_FRAMEWORK_HEADER = YES;
				CLANG_WARN_RANGE_LOOP_ANALYSIS = YES;
				CLANG_WARN_STRICT_PROTOTYPES = YES;
				CLANG_WARN_SUSPICIOUS_MOVE = YES;
				CLANG_WARN_UNGUARDED_AVAILABILITY = YES_AGGRESSIVE;
				CLANG_WARN_UNREACHABLE_CODE = YES;
				CLANG_WARN__DUPLICATE_METHOD_MATCH = YES;
				COPY_PHASE_STRIP = NO;
				DEBUG_INFORMATION_FORMAT = dwarf;
				ENABLE_STRICT_OBJC_MSGSEND = YES;
				ENABLE_TESTABILITY = YES;
				GCC_C_LANGUAGE_STANDARD = gnu11;
				GCC_DYNAMIC_NO_PIC = NO;
				GCC_NO_COMMON_BLOCKS = YES;
				GCC_OPTIMIZATION_LEVEL = 0;
				GCC_PREPROCESSOR_DEFINITIONS = (
					"DEBUG=1",
					"$(inherited)",
				);
				GCC_WARN_64_TO_32_BIT_CONVERSION = YES;
				GCC_WARN_ABOUT_RETURN_TYPE = YES_ERROR;
				GCC_WARN_UNDECLARED_SELECTOR = YES;
				GCC_WARN_UNINITIALIZED_AUTOS = YES_AGGRESSIVE;
				GCC_WARN_UNUSED_FUNCTION = YES;
				GCC_WARN_UNUSED_VARIABLE = YES;
				IPHONEOS_DEPLOYMENT_TARGET = 15.5;
				MTL_ENABLE_DEBUG_INFO = INCLUDE_SOURCE;
				MTL_FAST_MATH = YES;
				ONLY_ACTIVE_ARCH = YES;
				SDKROOT = iphoneos;
				SWIFT_ACTIVE_COMPILATION_CONDITIONS = DEBUG;
				SWIFT_OPTIMIZATION_LEVEL = "-Onone";
			};
			name = Debug;
		};
		420489432891966500F33DE4 /* Release */ = {
			isa = XCBuildConfiguration;
			buildSettings = {
				ALWAYS_SEARCH_USER_PATHS = NO;
				CLANG_ANALYZER_NONNULL = YES;
				CLANG_ANALYZER_NUMBER_OBJECT_CONVERSION = YES_AGGRESSIVE;
				CLANG_CXX_LANGUAGE_STANDARD = "gnu++17";
				CLANG_ENABLE_MODULES = YES;
				CLANG_ENABLE_OBJC_ARC = YES;
				CLANG_ENABLE_OBJC_WEAK = YES;
				CLANG_WARN_BLOCK_CAPTURE_AUTORELEASING = YES;
				CLANG_WARN_BOOL_CONVERSION = YES;
				CLANG_WARN_COMMA = YES;
				CLANG_WARN_CONSTANT_CONVERSION = YES;
				CLANG_WARN_DEPRECATED_OBJC_IMPLEMENTATIONS = YES;
				CLANG_WARN_DIRECT_OBJC_ISA_USAGE = YES_ERROR;
				CLANG_WARN_DOCUMENTATION_COMMENTS = YES;
				CLANG_WARN_EMPTY_BODY = YES;
				CLANG_WARN_ENUM_CONVERSION = YES;
				CLANG_WARN_INFINITE_RECURSION = YES;
				CLANG_WARN_INT_CONVERSION = YES;
				CLANG_WARN_NON_LITERAL_NULL_CONVERSION = YES;
				CLANG_WARN_OBJC_IMPLICIT_RETAIN_SELF = YES;
				CLANG_WARN_OBJC_LITERAL_CONVERSION = YES;
				CLANG_WARN_OBJC_ROOT_CLASS = YES_ERROR;
				CLANG_WARN_QUOTED_INCLUDE_IN_FRAMEWORK_HEADER = YES;
				CLANG_WARN_RANGE_LOOP_ANALYSIS = YES;
				CLANG_WARN_STRICT_PROTOTYPES = YES;
				CLANG_WARN_SUSPICIOUS_MOVE = YES;
				CLANG_WARN_UNGUARDED_AVAILABILITY = YES_AGGRESSIVE;
				CLANG_WARN_UNREACHABLE_CODE = YES;
				CLANG_WARN__DUPLICATE_METHOD_MATCH = YES;
				COPY_PHASE_STRIP = NO;
				DEBUG_INFORMATION_FORMAT = "dwarf-with-dsym";
				ENABLE_NS_ASSERTIONS = NO;
				ENABLE_STRICT_OBJC_MSGSEND = YES;
				GCC_C_LANGUAGE_STANDARD = gnu11;
				GCC_NO_COMMON_BLOCKS = YES;
				GCC_WARN_64_TO_32_BIT_CONVERSION = YES;
				GCC_WARN_ABOUT_RETURN_TYPE = YES_ERROR;
				GCC_WARN_UNDECLARED_SELECTOR = YES;
				GCC_WARN_UNINITIALIZED_AUTOS = YES_AGGRESSIVE;
				GCC_WARN_UNUSED_FUNCTION = YES;
				GCC_WARN_UNUSED_VARIABLE = YES;
				IPHONEOS_DEPLOYMENT_TARGET = 15.5;
				MTL_ENABLE_DEBUG_INFO = NO;
				MTL_FAST_MATH = YES;
				SDKROOT = iphoneos;
				SWIFT_COMPILATION_MODE = wholemodule;
				SWIFT_OPTIMIZATION_LEVEL = "-O";
				VALIDATE_PRODUCT = YES;
			};
			name = Release;
		};
		420489452891966500F33DE4 /* Debug */ = {
			isa = XCBuildConfiguration;
			buildSettings = {
				ASSETCATALOG_COMPILER_APPICON_NAME = AppIcon;
				ASSETCATALOG_COMPILER_GLOBAL_ACCENT_COLOR_NAME = AccentColor;
				CODE_SIGN_STYLE = Automatic;
				CURRENT_PROJECT_VERSION = 1;
				DEVELOPMENT_ASSET_PATHS = "\"XKCD App/Preview Content\"";
				ENABLE_PREVIEWS = YES;
				GENERATE_INFOPLIST_FILE = YES;
				INFOPLIST_KEY_UIApplicationSceneManifest_Generation = YES;
				INFOPLIST_KEY_UIApplicationSupportsIndirectInputEvents = YES;
				INFOPLIST_KEY_UILaunchScreen_Generation = YES;
				INFOPLIST_KEY_UISupportedInterfaceOrientations_iPad = "UIInterfaceOrientationPortrait UIInterfaceOrientationPortraitUpsideDown UIInterfaceOrientationLandscapeLeft UIInterfaceOrientationLandscapeRight";
				INFOPLIST_KEY_UISupportedInterfaceOrientations_iPhone = "UIInterfaceOrientationPortrait UIInterfaceOrientationLandscapeLeft UIInterfaceOrientationLandscapeRight";
				LD_RUNPATH_SEARCH_PATHS = (
					"$(inherited)",
					"@executable_path/Frameworks",
				);
				MARKETING_VERSION = 1.0;
				PRODUCT_BUNDLE_IDENTIFIER = "com.tery.XKCD-App";
				PRODUCT_NAME = "$(TARGET_NAME)";
				SWIFT_EMIT_LOC_STRINGS = YES;
				SWIFT_VERSION = 5.0;
				TARGETED_DEVICE_FAMILY = "1,2";
			};
			name = Debug;
		};
		420489462891966500F33DE4 /* Release */ = {
			isa = XCBuildConfiguration;
			buildSettings = {
				ASSETCATALOG_COMPILER_APPICON_NAME = AppIcon;
				ASSETCATALOG_COMPILER_GLOBAL_ACCENT_COLOR_NAME = AccentColor;
				CODE_SIGN_STYLE = Automatic;
				CURRENT_PROJECT_VERSION = 1;
				DEVELOPMENT_ASSET_PATHS = "\"XKCD App/Preview Content\"";
				ENABLE_PREVIEWS = YES;
				GENERATE_INFOPLIST_FILE = YES;
				INFOPLIST_KEY_UIApplicationSceneManifest_Generation = YES;
				INFOPLIST_KEY_UIApplicationSupportsIndirectInputEvents = YES;
				INFOPLIST_KEY_UILaunchScreen_Generation = YES;
				INFOPLIST_KEY_UISupportedInterfaceOrientations_iPad = "UIInterfaceOrientationPortrait UIInterfaceOrientationPortraitUpsideDown UIInterfaceOrientationLandscapeLeft UIInterfaceOrientationLandscapeRight";
				INFOPLIST_KEY_UISupportedInterfaceOrientations_iPhone = "UIInterfaceOrientationPortrait UIInterfaceOrientationLandscapeLeft UIInterfaceOrientationLandscapeRight";
				LD_RUNPATH_SEARCH_PATHS = (
					"$(inherited)",
					"@executable_path/Frameworks",
				);
				MARKETING_VERSION = 1.0;
				PRODUCT_BUNDLE_IDENTIFIER = "com.tery.XKCD-App";
				PRODUCT_NAME = "$(TARGET_NAME)";
				SWIFT_EMIT_LOC_STRINGS = YES;
				SWIFT_VERSION = 5.0;
				TARGETED_DEVICE_FAMILY = "1,2";
			};
			name = Release;
		};
/* End XCBuildConfiguration section */

/* Begin XCConfigurationList section */
		420489312891966100F33DE4 /* Build configuration list for PBXProject "XKCD App" */ = {
			isa = XCConfigurationList;
			buildConfigurations = (
				420489422891966500F33DE4 /* Debug */,
				420489432891966500F33DE4 /* Release */,
			);
			defaultConfigurationIsVisible = 0;
			defaultConfigurationName = Release;
		};
		420489442891966500F33DE4 /* Build configuration list for PBXNativeTarget "XKCD App" */ = {
			isa = XCConfigurationList;
			buildConfigurations = (
				420489452891966500F33DE4 /* Debug */,
				420489462891966500F33DE4 /* Release */,
			);
			defaultConfigurationIsVisible = 0;
			defaultConfigurationName = Release;
		};
/* End XCConfigurationList section */
	};
	rootObject = 4204892E2891966100F33DE4 /* Project object */;
}
